
Microsoft Visual Studio Solution File, Format Version 12.00
# Visual Studio Version 17
VisualStudioVersion = 17.4.33213.308
MinimumVisualStudioVersion = 10.0.40219.1
Project("{8BC9CEB8-8B4A-11D0-8D11-00A0C91BC942}") = "PA22_R1_ORN[B]", "PA22_R1_ORN[B].vcxproj", "{ACBD445A-C4E8-476A-B76B-451D6C771164}"
EndProject
Global
	GlobalSection(SolutionConfigurationPlatforms) = preSolution
		Debug|x64 = Debug|x64
		Debug|x86 = Debug|x86
		Release|x64 = Release|x64
		Release|x86 = Release|x86
	EndGlobalSection
	GlobalSection(ProjectConfigurationPlatforms) = postSolution
		{ACBD445A-C4E8-476A-B76B-451D6C771164}.Debug|x64.ActiveCfg = Debug|x64
		{ACBD445A-C4E8-476A-B76B-451D6C771164}.Debug|x64.Build.0 = Debug|x64
		{ACBD445A-C4E8-476A-B76B-451D6C771164}.Debug|x86.ActiveCfg = Debug|Win32
		{ACBD445A-C4E8-476A-B76B-451D6C771164}.Debug|x86.Build.0 = Debug|Win32
		{ACBD445A-C4E8-476A-B76B-451D6C771164}.Release|x64.ActiveCfg = Release|x64
		{ACBD445A-C4E8-476A-B76B-451D6C771164}.Release|x64.Build.0 = Release|x64
		{ACBD445A-C4E8-476A-B76B-451D6C771164}.Release|x86.ActiveCfg = Release|Win32
		{ACBD445A-C4E8-476A-B76B-451D6C771164}.Release|x86.Build.0 = Release|Win32
	EndGlobalSection
	GlobalSection(SolutionProperties) = preSolution
		HideSolutionNode = FALSE
	EndGlobalSection
	GlobalSection(ExtensibilityGlobals) = postSolution
		SolutionGuid = {D49950F7-CF55-4721-992D-DA3D93587D0B}
	EndGlobalSection
EndGlobal
